
Microsoft Visual Studio Solution File, Format Version 12.00
# Visual Studio Version 16
VisualStudioVersion = 16.0.29512.175
MinimumVisualStudioVersion = 10.0.40219.1
Project("{FAE04EC0-301F-11D3-BF4B-00C04F79EFBC}") = "SuitAlterations.API", "src\SuitAlterations.API\SuitAlterations.API.csproj", "{A1193485-D41C-45ED-BF4C-D23341115749}"
EndProject
Project("{FAE04EC0-301F-11D3-BF4B-00C04F79EFBC}") = "SuitAlterations.Application", "src\SuitAlterations.Application\SuitAlterations.Application.csproj", "{12F5FE68-C0E3-4F5A-9A8F-8A6DFBF58755}"
EndProject
Project("{FAE04EC0-301F-11D3-BF4B-00C04F79EFBC}") = "SuitAlterations.Infrastructure.IntegrationTests", "tests\SuitAlterations.Infrastructure.IntegrationTests\SuitAlterations.Infrastructure.IntegrationTests.csproj", "{12C5B864-C5EB-4E6E-BD1B-58345D1CDBCD}"
EndProject
Project("{FAE04EC0-301F-11D3-BF4B-00C04F79EFBC}") = "SuitAlterations.Domain", "src\SuitAlterations.Domain\SuitAlterations.Domain.csproj", "{AB6E65B3-CF1F-495F-9EE2-EB1BED38276D}"
EndProject
Project("{FAE04EC0-301F-11D3-BF4B-00C04F79EFBC}") = "SuitAlterations.Application.UnitTests", "tests\SuitAlterations.Application.UnitTests\SuitAlterations.Application.UnitTests.csproj", "{DB3C764A-391C-4151-A587-7F10CB0ADA0C}"
EndProject
Project("{2150E333-8FDC-42A3-9474-1A3956D46DE8}") = "src", "src", "{64659CB4-A162-4727-A167-3DC0D673B05F}"
EndProject
Project("{2150E333-8FDC-42A3-9474-1A3956D46DE8}") = "tests", "tests", "{EA98DD08-EE9D-450E-98D3-7F8290DDC0C6}"
EndProject
Project("{FAE04EC0-301F-11D3-BF4B-00C04F79EFBC}") = "SuitAlterations.Infrastructure", "src\SuitAlterations.Infrastructure\SuitAlterations.Infrastructure.csproj", "{EBF513A9-B215-49A8-AB5F-B4107AC2F298}"
EndProject
Project("{FAE04EC0-301F-11D3-BF4B-00C04F79EFBC}") = "SuitAlterations.Domain.Messages", "src\SuitAlterations.Domain.Messages\SuitAlterations.Domain.Messages.csproj", "{304EE1D5-7265-4D07-8915-20D9DD47F0B6}"
EndProject
Global
	GlobalSection(SolutionConfigurationPlatforms) = preSolution
		Debug|Any CPU = Debug|Any CPU
		Release|Any CPU = Release|Any CPU
	EndGlobalSection
	GlobalSection(ProjectConfigurationPlatforms) = postSolution
		{A1193485-D41C-45ED-BF4C-D23341115749}.Debug|Any CPU.ActiveCfg = Debug|Any CPU
		{A1193485-D41C-45ED-BF4C-D23341115749}.Debug|Any CPU.Build.0 = Debug|Any CPU
		{A1193485-D41C-45ED-BF4C-D23341115749}.Release|Any CPU.ActiveCfg = Release|Any CPU
		{A1193485-D41C-45ED-BF4C-D23341115749}.Release|Any CPU.Build.0 = Release|Any CPU
		{12F5FE68-C0E3-4F5A-9A8F-8A6DFBF58755}.Debug|Any CPU.ActiveCfg = Debug|Any CPU
		{12F5FE68-C0E3-4F5A-9A8F-8A6DFBF58755}.Debug|Any CPU.Build.0 = Debug|Any CPU
		{12F5FE68-C0E3-4F5A-9A8F-8A6DFBF58755}.Release|Any CPU.ActiveCfg = Release|Any CPU
		{12F5FE68-C0E3-4F5A-9A8F-8A6DFBF58755}.Release|Any CPU.Build.0 = Release|Any CPU
		{12C5B864-C5EB-4E6E-BD1B-58345D1CDBCD}.Debug|Any CPU.ActiveCfg = Debug|Any CPU
		{12C5B864-C5EB-4E6E-BD1B-58345D1CDBCD}.Debug|Any CPU.Build.0 = Debug|Any CPU
		{12C5B864-C5EB-4E6E-BD1B-58345D1CDBCD}.Release|Any CPU.ActiveCfg = Release|Any CPU
		{12C5B864-C5EB-4E6E-BD1B-58345D1CDBCD}.Release|Any CPU.Build.0 = Release|Any CPU
		{AB6E65B3-CF1F-495F-9EE2-EB1BED38276D}.Debug|Any CPU.ActiveCfg = Debug|Any CPU
		{AB6E65B3-CF1F-495F-9EE2-EB1BED38276D}.Debug|Any CPU.Build.0 = Debug|Any CPU
		{AB6E65B3-CF1F-495F-9EE2-EB1BED38276D}.Release|Any CPU.ActiveCfg = Release|Any CPU
		{AB6E65B3-CF1F-495F-9EE2-EB1BED38276D}.Release|Any CPU.Build.0 = Release|Any CPU
		{DB3C764A-391C-4151-A587-7F10CB0ADA0C}.Debug|Any CPU.ActiveCfg = Debug|Any CPU
		{DB3C764A-391C-4151-A587-7F10CB0ADA0C}.Debug|Any CPU.Build.0 = Debug|Any CPU
		{DB3C764A-391C-4151-A587-7F10CB0ADA0C}.Release|Any CPU.ActiveCfg = Release|Any CPU
		{DB3C764A-391C-4151-A587-7F10CB0ADA0C}.Release|Any CPU.Build.0 = Release|Any CPU
		{EBF513A9-B215-49A8-AB5F-B4107AC2F298}.Debug|Any CPU.ActiveCfg = Debug|Any CPU
		{EBF513A9-B215-49A8-AB5F-B4107AC2F298}.Debug|Any CPU.Build.0 = Debug|Any CPU
		{EBF513A9-B215-49A8-AB5F-B4107AC2F298}.Release|Any CPU.ActiveCfg = Release|Any CPU
		{EBF513A9-B215-49A8-AB5F-B4107AC2F298}.Release|Any CPU.Build.0 = Release|Any CPU
		{304EE1D5-7265-4D07-8915-20D9DD47F0B6}.Debug|Any CPU.ActiveCfg = Debug|Any CPU
		{304EE1D5-7265-4D07-8915-20D9DD47F0B6}.Debug|Any CPU.Build.0 = Debug|Any CPU
		{304EE1D5-7265-4D07-8915-20D9DD47F0B6}.Release|Any CPU.ActiveCfg = Release|Any CPU
		{304EE1D5-7265-4D07-8915-20D9DD47F0B6}.Release|Any CPU.Build.0 = Release|Any CPU
	EndGlobalSection
	GlobalSection(SolutionProperties) = preSolution
		HideSolutionNode = FALSE
	EndGlobalSection
	GlobalSection(ExtensibilityGlobals) = postSolution
		SolutionGuid = {2932F547-127D-4DA1-A27F-C73FB785341D}
	EndGlobalSection
	GlobalSection(NestedProjects) = preSolution
		{AB6E65B3-CF1F-495F-9EE2-EB1BED38276D} = {64659CB4-A162-4727-A167-3DC0D673B05F}
		{A1193485-D41C-45ED-BF4C-D23341115749} = {64659CB4-A162-4727-A167-3DC0D673B05F}
		{12F5FE68-C0E3-4F5A-9A8F-8A6DFBF58755} = {64659CB4-A162-4727-A167-3DC0D673B05F}
		{DB3C764A-391C-4151-A587-7F10CB0ADA0C} = {EA98DD08-EE9D-450E-98D3-7F8290DDC0C6}
		{12C5B864-C5EB-4E6E-BD1B-58345D1CDBCD} = {EA98DD08-EE9D-450E-98D3-7F8290DDC0C6}
		{EBF513A9-B215-49A8-AB5F-B4107AC2F298} = {64659CB4-A162-4727-A167-3DC0D673B05F}
		{304EE1D5-7265-4D07-8915-20D9DD47F0B6} = {64659CB4-A162-4727-A167-3DC0D673B05F}
	EndGlobalSection
EndGlobal
